Microsoft Visual Studio Solution File, Format Version 12.00
# Visual Studio 2012
Project("{FAE04EC0-301F-11D3-BF4B-00C04F79EFBC}") = "GodotLidar", "GodotLidar.csproj", "{84E7BC0E-CFCA-47FF-82C6-CF8B6460E8B7}"
EndProject
Global
	GlobalSection(SolutionConfigurationPlatforms) = preSolution
	Debug|Any CPU = Debug|Any CPU
	ExportDebug|Any CPU = ExportDebug|Any CPU
	ExportRelease|Any CPU = ExportRelease|Any CPU
	EndGlobalSection
	GlobalSection(ProjectConfigurationPlatforms) = postSolution
		{84E7BC0E-CFCA-47FF-82C6-CF8B6460E8B7}.Debug|Any CPU.ActiveCfg = Debug|Any CPU
		{84E7BC0E-CFCA-47FF-82C6-CF8B6460E8B7}.Debug|Any CPU.Build.0 = Debug|Any CPU
		{84E7BC0E-CFCA-47FF-82C6-CF8B6460E8B7}.ExportDebug|Any CPU.ActiveCfg = ExportDebug|Any CPU
		{84E7BC0E-CFCA-47FF-82C6-CF8B6460E8B7}.ExportDebug|Any CPU.Build.0 = ExportDebug|Any CPU
		{84E7BC0E-CFCA-47FF-82C6-CF8B6460E8B7}.ExportRelease|Any CPU.ActiveCfg = ExportRelease|Any CPU
		{84E7BC0E-CFCA-47FF-82C6-CF8B6460E8B7}.ExportRelease|Any CPU.Build.0 = ExportRelease|Any CPU
	EndGlobalSection
EndGlobal
